// !$*UTF8*$!
{
	archiveVersion = 1;
	classes = {
	};
	objectVersion = 46;
	objects = {

/* Begin PBXBuildFile section */
		4DE6BBEB1971B2A4004A5985 /* StoryboardiPhone.storyboard in Resources */ = {isa = PBXBuildFile; fileRef = 4DE6BBEA1971B2A4004A5985 /* StoryboardiPhone.storyboard */; };
		4DE6BBEE1971B7A8004A5985 /* MainViewController.m in Sources */ = {isa = PBXBuildFile; fileRef = 4DE6BBED1971B7A8004A5985 /* MainViewController.m */; };
		4DE6BBF01971BB5F004A5985 /* CoreMotion.framework in Frameworks */ = {isa = PBXBuildFile; fileRef = 4DE6BBEF1971BB5F004A5985 /* CoreMotion.framework */; };
		4DF2D78C197884AC0002EFDC /* ProfilesTableViewController.m in Sources */ = {isa = PBXBuildFile; fileRef = 4DF2D78B197884AC0002EFDC /* ProfilesTableViewController.m */; };
		4DF2D7911978A8C80002EFDC /* FileLineReader.m in Sources */ = {isa = PBXBuildFile; fileRef = 4DF2D7901978A8C80002EFDC /* FileLineReader.m */; };
		4DF2D7941978AF550002EFDC /* ProfileMetadata.m in Sources */ = {isa = PBXBuildFile; fileRef = 4DF2D7931978AF550002EFDC /* ProfileMetadata.m */; };
		4DF7EA8F1971A73F0032D2E5 /* Foundation.framework in Frameworks */ = {isa = PBXBuildFile; fileRef = 4DF7EA8E1971A73F0032D2E5 /* Foundation.framework */; };
		4DF7EA911971A73F0032D2E5 /* CoreGraphics.framework in Frameworks */ = {isa = PBXBuildFile; fileRef = 4DF7EA901971A73F0032D2E5 /* CoreGraphics.framework */; };
		4DF7EA931971A73F0032D2E5 /* UIKit.framework in Frameworks */ = {isa = PBXBuildFile; fileRef = 4DF7EA921971A73F0032D2E5 /* UIKit.framework */; };
		4DF7EA991971A73F0032D2E5 /* InfoPlist.strings in Resources */ = {isa = PBXBuildFile; fileRef = 4DF7EA971971A73F0032D2E5 /* InfoPlist.strings */; };
		4DF7EA9B1971A73F0032D2E5 /* main.m in Sources */ = {isa = PBXBuildFile; fileRef = 4DF7EA9A1971A73F0032D2E5 /* main.m */; };
		4DF7EA9F1971A73F0032D2E5 /* AppDelegate.m in Sources */ = {isa = PBXBuildFile; fileRef = 4DF7EA9E1971A73F0032D2E5 /* AppDelegate.m */; };
		4DF7EAA11971A73F0032D2E5 /* Images.xcassets in Resources */ = {isa = PBXBuildFile; fileRef = 4DF7EAA01971A73F0032D2E5 /* Images.xcassets */; };
		4DF7EAA81971A73F0032D2E5 /* XCTest.framework in Frameworks */ = {isa = PBXBuildFile; fileRef = 4DF7EAA71971A73F0032D2E5 /* XCTest.framework */; };
		4DF7EAA91971A73F0032D2E5 /* Foundation.framework in Frameworks */ = {isa = PBXBuildFile; fileRef = 4DF7EA8E1971A73F0032D2E5 /* Foundation.framework */; };
		4DF7EAAA1971A73F0032D2E5 /* UIKit.framework in Frameworks */ = {isa = PBXBuildFile; fileRef = 4DF7EA921971A73F0032D2E5 /* UIKit.framework */; };
		4DF7EAB21971A73F0032D2E5 /* InfoPlist.strings in Resources */ = {isa = PBXBuildFile; fileRef = 4DF7EAB01971A73F0032D2E5 /* InfoPlist.strings */; };
		4DF7EAB41971A73F0032D2E5 /* Accelerometer_ProfilerTests.m in Sources */ = {isa = PBXBuildFile; fileRef = 4DF7EAB31971A73F0032D2E5 /* Accelerometer_ProfilerTests.m */; };
		4DF8E2481972F17500306039 /* libCorePlot-CocoaTouch.a in Frameworks */ = {isa = PBXBuildFile; fileRef = 4DF8E2451972F0F800306039 /* libCorePlot-CocoaTouch.a */; };
		4DF8E2491972F22000306039 /* QuartzCore.framework in Frameworks */ = {isa = PBXBuildFile; fileRef = 4DF8E08F1972EFB400306039 /* QuartzCore.framework */; };
		4DF8E24A1972F22800306039 /* Accelerate.framework in Frameworks */ = {isa = PBXBuildFile; fileRef = 4DF8E0911972EFBC00306039 /* Accelerate.framework */; };
		4DF8E24F1975F7E600306039 /* SaveViewController.m in Sources */ = {isa = PBXBuildFile; fileRef = 4DF8E24E1975F7E600306039 /* SaveViewController.m */; };
		4DF8E2531976229600306039 /* Profile.m in Sources */ = {isa = PBXBuildFile; fileRef = 4DF8E2521976229600306039 /* Profile.m */; };
/* End PBXBuildFile section */

/* Begin PBXContainerItemProxy section */
		4DF7EAAB1971A73F0032D2E5 /* PBXContainerItemProxy */ = {
			isa = PBXContainerItemProxy;
			containerPortal = 4DF7EA831971A73E0032D2E5 /* Project object */;
			proxyType = 1;
			remoteGlobalIDString = 4DF7EA8A1971A73F0032D2E5;
			remoteInfo = "Accelerometer Profiler";
		};
		4DF8E2441972F0F800306039 /* PBXContainerItemProxy */ = {
			isa = PBXContainerItemProxy;
			containerPortal = 4DF8E23E1972F0F700306039 /* CorePlot-CocoaTouch.xcodeproj */;
			proxyType = 2;
			remoteGlobalIDString = BC9B83470FB8A0A40035D8DA;
			remoteInfo = "CorePlot-CocoaTouch";
		};
		4DF8E2461972F15300306039 /* PBXContainerItemProxy */ = {
			isa = PBXContainerItemProxy;
			containerPortal = 4DF8E23E1972F0F700306039 /* CorePlot-CocoaTouch.xcodeproj */;
			proxyType = 1;
			remoteGlobalIDString = BC9B83460FB8A0A40035D8DA;
			remoteInfo = "CorePlot-CocoaTouch";
		};
/* End PBXContainerItemProxy section */

/* Begin PBXFileReference section */
		4DE6BBEA1971B2A4004A5985 /* StoryboardiPhone.storyboard */ = {isa = PBXFileReference; fileEncoding = 4; lastKnownFileType = file.storyboard; path = StoryboardiPhone.storyboard; sourceTree = "<group>"; };
		4DE6BBEC1971B7A8004A5985 /* MainViewController.h */ = {isa = PBXFileReference; fileEncoding = 4; lastKnownFileType = sourcecode.c.h; path = MainViewController.h; sourceTree = "<group>"; };
		4DE6BBED1971B7A8004A5985 /* MainViewController.m */ = {isa = PBXFileReference; fileEncoding = 4; lastKnownFileType = sourcecode.c.objc; path = MainViewController.m; sourceTree = "<group>"; };
		4DE6BBEF1971BB5F004A5985 /* CoreMotion.framework */ = {isa = PBXFileReference; lastKnownFileType = wrapper.framework; name = CoreMotion.framework; path = System/Library/Frameworks/CoreMotion.framework; sourceTree = SDKROOT; };
		4DF2D78A197884AC0002EFDC /* ProfilesTableViewController.h */ = {isa = PBXFileReference; fileEncoding = 4; lastKnownFileType = sourcecode.c.h; path = ProfilesTableViewController.h; sourceTree = "<group>"; };
		4DF2D78B197884AC0002EFDC /* ProfilesTableViewController.m */ = {isa = PBXFileReference; fileEncoding = 4; lastKnownFileType = sourcecode.c.objc; path = ProfilesTableViewController.m; sourceTree = "<group>"; };
		4DF2D78F1978A8C80002EFDC /* FileLineReader.h */ = {isa = PBXFileReference; fileEncoding = 4; lastKnownFileType = sourcecode.c.h; path = FileLineReader.h; sourceTree = "<group>"; };
		4DF2D7901978A8C80002EFDC /* FileLineReader.m */ = {isa = PBXFileReference; fileEncoding = 4; lastKnownFileType = sourcecode.c.objc; path = FileLineReader.m; sourceTree = "<group>"; };
		4DF2D7921978AF550002EFDC /* ProfileMetadata.h */ = {isa = PBXFileReference; fileEncoding = 4; lastKnownFileType = sourcecode.c.h; path = ProfileMetadata.h; sourceTree = "<group>"; };
		4DF2D7931978AF550002EFDC /* ProfileMetadata.m */ = {isa = PBXFileReference; fileEncoding = 4; lastKnownFileType = sourcecode.c.objc; path = ProfileMetadata.m; sourceTree = "<group>"; };
		4DF7EA8B1971A73F0032D2E5 /* Accelerometer Profiler.app */ = {isa = PBXFileReference; explicitFileType = wrapper.application; includeInIndex = 0; path = "Accelerometer Profiler.app"; sourceTree = BUILT_PRODUCTS_DIR; };
		4DF7EA8E1971A73F0032D2E5 /* Foundation.framework */ = {isa = PBXFileReference; lastKnownFileType = wrapper.framework; name = Foundation.framework; path = System/Library/Frameworks/Foundation.framework; sourceTree = SDKROOT; };
		4DF7EA901971A73F0032D2E5 /* CoreGraphics.framework */ = {isa = PBXFileReference; lastKnownFileType = wrapper.framework; name = CoreGraphics.framework; path = System/Library/Frameworks/CoreGraphics.framework; sourceTree = SDKROOT; };
		4DF7EA921971A73F0032D2E5 /* UIKit.framework */ = {isa = PBXFileReference; lastKnownFileType = wrapper.framework; name = UIKit.framework; path = System/Library/Frameworks/UIKit.framework; sourceTree = SDKROOT; };
		4DF7EA961971A73F0032D2E5 /* Accelerometer Profiler-Info.plist */ = {isa = PBXFileReference; lastKnownFileType = text.plist.xml; path = "Accelerometer Profiler-Info.plist"; sourceTree = "<group>"; };
		4DF7EA981971A73F0032D2E5 /* en */ = {isa = PBXFileReference; lastKnownFileType = text.plist.strings; name = en; path = en.lproj/InfoPlist.strings; sourceTree = "<group>"; };
		4DF7EA9A1971A73F0032D2E5 /* main.m */ = {isa = PBXFileReference; lastKnownFileType = sourcecode.c.objc; path = main.m; sourceTree = "<group>"; };
		4DF7EA9C1971A73F0032D2E5 /* Accelerometer Profiler-Prefix.pch */ = {isa = PBXFileReference; lastKnownFileType = sourcecode.c.h; path = "Accelerometer Profiler-Prefix.pch"; sourceTree = "<group>"; };
		4DF7EA9D1971A73F0032D2E5 /* AppDelegate.h */ = {isa = PBXFileReference; lastKnownFileType = sourcecode.c.h; path = AppDelegate.h; sourceTree = "<group>"; };
		4DF7EA9E1971A73F0032D2E5 /* AppDelegate.m */ = {isa = PBXFileReference; lastKnownFileType = sourcecode.c.objc; path = AppDelegate.m; sourceTree = "<group>"; };
		4DF7EAA01971A73F0032D2E5 /* Images.xcassets */ = {isa = PBXFileReference; lastKnownFileType = folder.assetcatalog; path = Images.xcassets; sourceTree = "<group>"; };
		4DF7EAA61971A73F0032D2E5 /* Accelerometer ProfilerTests.xctest */ = {isa = PBXFileReference; explicitFileType = wrapper.cfbundle; includeInIndex = 0; path = "Accelerometer ProfilerTests.xctest"; sourceTree = BUILT_PRODUCTS_DIR; };
		4DF7EAA71971A73F0032D2E5 /* XCTest.framework */ = {isa = PBXFileReference; lastKnownFileType = wrapper.framework; name = XCTest.framework; path = Library/Frameworks/XCTest.framework; sourceTree = DEVELOPER_DIR; };
		4DF7EAAF1971A73F0032D2E5 /* Accelerometer ProfilerTests-Info.plist */ = {isa = PBXFileReference; lastKnownFileType = text.plist.xml; path = "Accelerometer ProfilerTests-Info.plist"; sourceTree = "<group>"; };
		4DF7EAB11971A73F0032D2E5 /* en */ = {isa = PBXFileReference; lastKnownFileType = text.plist.strings; name = en; path = en.lproj/InfoPlist.strings; sourceTree = "<group>"; };
		4DF7EAB31971A73F0032D2E5 /* Accelerometer_ProfilerTests.m */ = {isa = PBXFileReference; lastKnownFileType = sourcecode.c.objc; path = Accelerometer_ProfilerTests.m; sourceTree = "<group>"; };
		4DF8E08F1972EFB400306039 /* QuartzCore.framework */ = {isa = PBXFileReference; lastKnownFileType = wrapper.framework; name = QuartzCore.framework; path = System/Library/Frameworks/QuartzCore.framework; sourceTree = SDKROOT; };
		4DF8E0911972EFBC00306039 /* Accelerate.framework */ = {isa = PBXFileReference; lastKnownFileType = wrapper.framework; name = Accelerate.framework; path = System/Library/Frameworks/Accelerate.framework; sourceTree = SDKROOT; };
		4DF8E23E1972F0F700306039 /* CorePlot-CocoaTouch.xcodeproj */ = {isa = PBXFileReference; lastKnownFileType = "wrapper.pb-project"; name = "CorePlot-CocoaTouch.xcodeproj"; path = "CorePlot/CorePlot-CocoaTouch.xcodeproj"; sourceTree = "<group>"; };
		4DF8E24D1975F7E600306039 /* SaveViewController.h */ = {isa = PBXFileReference; fileEncoding = 4; lastKnownFileType = sourcecode.c.h; path = SaveViewController.h; sourceTree = "<group>"; };
		4DF8E24E1975F7E600306039 /* SaveViewController.m */ = {isa = PBXFileReference; fileEncoding = 4; lastKnownFileType = sourcecode.c.objc; path = SaveViewController.m; sourceTree = "<group>"; };
		4DF8E2511976229600306039 /* Profile.h */ = {isa = PBXFileReference; fileEncoding = 4; lastKnownFileType = sourcecode.c.h; path = Profile.h; sourceTree = "<group>"; };
		4DF8E2521976229600306039 /* Profile.m */ = {isa = PBXFileReference; fileEncoding = 4; lastKnownFileType = sourcecode.c.objc; path = Profile.m; sourceTree = "<group>"; };
/* End PBXFileReference section */

/* Begin PBXFrameworksBuildPhase section */
		4DF7EA881971A73F0032D2E5 /* Frameworks */ = {
			isa = PBXFrameworksBuildPhase;
			buildActionMask = 2147483647;
			files = (
				4DF8E24A1972F22800306039 /* Accelerate.framework in Frameworks */,
				4DF8E2491972F22000306039 /* QuartzCore.framework in Frameworks */,
				4DF8E2481972F17500306039 /* libCorePlot-CocoaTouch.a in Frameworks */,
				4DE6BBF01971BB5F004A5985 /* CoreMotion.framework in Frameworks */,
				4DF7EA911971A73F0032D2E5 /* CoreGraphics.framework in Frameworks */,
				4DF7EA931971A73F0032D2E5 /* UIKit.framework in Frameworks */,
				4DF7EA8F1971A73F0032D2E5 /* Foundation.framework in Frameworks */,
			);
			runOnlyForDeploymentPostprocessing = 0;
		};
		4DF7EAA31971A73F0032D2E5 /* Frameworks */ = {
			isa = PBXFrameworksBuildPhase;
			buildActionMask = 2147483647;
			files = (
				4DF7EAA81971A73F0032D2E5 /* XCTest.framework in Frameworks */,
				4DF7EAAA1971A73F0032D2E5 /* UIKit.framework in Frameworks */,
				4DF7EAA91971A73F0032D2E5 /* Foundation.framework in Frameworks */,
			);
			runOnlyForDeploymentPostprocessing = 0;
		};
/* End PBXFrameworksBuildPhase section */

/* Begin PBXGroup section */
		4DF7EA821971A73E0032D2E5 = {
			isa = PBXGroup;
			children = (
				4DF8E23E1972F0F700306039 /* CorePlot-CocoaTouch.xcodeproj */,
				4DF7EA941971A73F0032D2E5 /* Accelerometer Profiler */,
				4DF7EA8D1971A73F0032D2E5 /* Frameworks */,
				4DF7EA8C1971A73F0032D2E5 /* Products */,
			);
			sourceTree = "<group>";
		};
		4DF7EA8C1971A73F0032D2E5 /* Products */ = {
			isa = PBXGroup;
			children = (
				4DF7EA8B1971A73F0032D2E5 /* Accelerometer Profiler.app */,
				4DF7EAA61971A73F0032D2E5 /* Accelerometer ProfilerTests.xctest */,
			);
			name = Products;
			sourceTree = "<group>";
		};
		4DF7EA8D1971A73F0032D2E5 /* Frameworks */ = {
			isa = PBXGroup;
			children = (
				4DF8E0911972EFBC00306039 /* Accelerate.framework */,
				4DF8E08F1972EFB400306039 /* QuartzCore.framework */,
				4DE6BBEF1971BB5F004A5985 /* CoreMotion.framework */,
				4DF7EA8E1971A73F0032D2E5 /* Foundation.framework */,
				4DF7EA901971A73F0032D2E5 /* CoreGraphics.framework */,
				4DF7EA921971A73F0032D2E5 /* UIKit.framework */,
				4DF7EAA71971A73F0032D2E5 /* XCTest.framework */,
			);
			name = Frameworks;
			sourceTree = "<group>";
		};
		4DF7EA941971A73F0032D2E5 /* Accelerometer Profiler */ = {
			isa = PBXGroup;
			children = (
				4DF2D78F1978A8C80002EFDC /* FileLineReader.h */,
				4DF2D7901978A8C80002EFDC /* FileLineReader.m */,
				4DF2D7921978AF550002EFDC /* ProfileMetadata.h */,
				4DF2D7931978AF550002EFDC /* ProfileMetadata.m */,
				4DF8E2511976229600306039 /* Profile.h */,
				4DF8E2521976229600306039 /* Profile.m */,
				4DE6BBEA1971B2A4004A5985 /* StoryboardiPhone.storyboard */,
				4DF7EA9D1971A73F0032D2E5 /* AppDelegate.h */,
				4DF7EA9E1971A73F0032D2E5 /* AppDelegate.m */,
				4DE6BBEC1971B7A8004A5985 /* MainViewController.h */,
				4DE6BBED1971B7A8004A5985 /* MainViewController.m */,
				4DF2D78A197884AC0002EFDC /* ProfilesTableViewController.h */,
				4DF2D78B197884AC0002EFDC /* ProfilesTableViewController.m */,
				4DF8E24D1975F7E600306039 /* SaveViewController.h */,
				4DF8E24E1975F7E600306039 /* SaveViewController.m */,
				4DF7EAA01971A73F0032D2E5 /* Images.xcassets */,
				4DF7EA951971A73F0032D2E5 /* Supporting Files */,
				4DF7EAAD1971A73F0032D2E5 /* Accelerometer ProfilerTests */,
			);
			path = "Accelerometer Profiler";
			sourceTree = "<group>";
		};
		4DF7EA951971A73F0032D2E5 /* Supporting Files */ = {
			isa = PBXGroup;
			children = (
				4DF7EA961971A73F0032D2E5 /* Accelerometer Profiler-Info.plist */,
				4DF7EA971971A73F0032D2E5 /* InfoPlist.strings */,
				4DF7EA9A1971A73F0032D2E5 /* main.m */,
				4DF7EA9C1971A73F0032D2E5 /* Accelerometer Profiler-Prefix.pch */,
			);
			name = "Supporting Files";
			sourceTree = "<group>";
		};
		4DF7EAAD1971A73F0032D2E5 /* Accelerometer ProfilerTests */ = {
			isa = PBXGroup;
			children = (
				4DF7EAB31971A73F0032D2E5 /* Accelerometer_ProfilerTests.m */,
				4DF7EAAE1971A73F0032D2E5 /* Supporting Files */,
			);
			path = "Accelerometer ProfilerTests";
			sourceTree = SOURCE_ROOT;
		};
		4DF7EAAE1971A73F0032D2E5 /* Supporting Files */ = {
			isa = PBXGroup;
			children = (
				4DF7EAAF1971A73F0032D2E5 /* Accelerometer ProfilerTests-Info.plist */,
				4DF7EAB01971A73F0032D2E5 /* InfoPlist.strings */,
			);
			name = "Supporting Files";
			sourceTree = "<group>";
		};
		4DF8E23F1972F0F700306039 /* Products */ = {
			isa = PBXGroup;
			children = (
				4DF8E2451972F0F800306039 /* libCorePlot-CocoaTouch.a */,
			);
			name = Products;
			sourceTree = "<group>";
		};
/* End PBXGroup section */

/* Begin PBXNativeTarget section */
		4DF7EA8A1971A73F0032D2E5 /* Accelerometer Profiler */ = {
			isa = PBXNativeTarget;
			buildConfigurationList = 4DF7EAB71971A73F0032D2E5 /* Build configuration list for PBXNativeTarget "Accelerometer Profiler" */;
			buildPhases = (
				4DF7EA871971A73F0032D2E5 /* Sources */,
				4DF7EA881971A73F0032D2E5 /* Frameworks */,
				4D5EDDF61971B07500027386 /* ShellScript */,
				4DF7EA891971A73F0032D2E5 /* Resources */,
			);
			buildRules = (
			);
			dependencies = (
				4DF8E2471972F15300306039 /* PBXTargetDependency */,
			);
			name = "Accelerometer Profiler";
			productName = "Accelerometer Profiler";
			productReference = 4DF7EA8B1971A73F0032D2E5 /* Accelerometer Profiler.app */;
			productType = "com.apple.product-type.application";
		};
		4DF7EAA51971A73F0032D2E5 /* Accelerometer ProfilerTests */ = {
			isa = PBXNativeTarget;
			buildConfigurationList = 4DF7EABA1971A73F0032D2E5 /* Build configuration list for PBXNativeTarget "Accelerometer ProfilerTests" */;
			buildPhases = (
				4DF7EAA21971A73F0032D2E5 /* Sources */,
				4DF7EAA31971A73F0032D2E5 /* Frameworks */,
				4DF7EAA41971A73F0032D2E5 /* Resources */,
			);
			buildRules = (
			);
			dependencies = (
				4DF7EAAC1971A73F0032D2E5 /* PBXTargetDependency */,
			);
			name = "Accelerometer ProfilerTests";
			productName = "Accelerometer ProfilerTests";
			productReference = 4DF7EAA61971A73F0032D2E5 /* Accelerometer ProfilerTests.xctest */;
			productType = "com.apple.product-type.bundle.unit-test";
		};
/* End PBXNativeTarget section */

/* Begin PBXProject section */
		4DF7EA831971A73E0032D2E5 /* Project object */ = {
			isa = PBXProject;
			attributes = {
				LastUpgradeCheck = 0510;
				ORGANIZATIONNAME = aspyrx;
				TargetAttributes = {
					4DF7EAA51971A73F0032D2E5 = {
						TestTargetID = 4DF7EA8A1971A73F0032D2E5;
					};
				};
			};
			buildConfigurationList = 4DF7EA861971A73F0032D2E5 /* Build configuration list for PBXProject "Accelerometer Profiler" */;
			compatibilityVersion = "Xcode 3.2";
			developmentRegion = English;
			hasScannedForEncodings = 0;
			knownRegions = (
				en,
				English,
			);
			mainGroup = 4DF7EA821971A73E0032D2E5;
			productRefGroup = 4DF7EA8C1971A73F0032D2E5 /* Products */;
			projectDirPath = "";
			projectReferences = (
				{
					ProductGroup = 4DF8E23F1972F0F700306039 /* Products */;
					ProjectRef = 4DF8E23E1972F0F700306039 /* CorePlot-CocoaTouch.xcodeproj */;
				},
			);
			projectRoot = "";
			targets = (
				4DF7EA8A1971A73F0032D2E5 /* Accelerometer Profiler */,
				4DF7EAA51971A73F0032D2E5 /* Accelerometer ProfilerTests */,
			);
		};
/* End PBXProject section */

/* Begin PBXReferenceProxy section */
		4DF8E2451972F0F800306039 /* libCorePlot-CocoaTouch.a */ = {
			isa = PBXReferenceProxy;
			fileType = archive.ar;
			path = "libCorePlot-CocoaTouch.a";
			remoteRef = 4DF8E2441972F0F800306039 /* PBXContainerItemProxy */;
			sourceTree = BUILT_PRODUCTS_DIR;
		};
/* End PBXReferenceProxy section */

/* Begin PBXResourcesBuildPhase section */
		4DF7EA891971A73F0032D2E5 /* Resources */ = {
			isa = PBXResourcesBuildPhase;
			buildActionMask = 2147483647;
			files = (
				4DE6BBEB1971B2A4004A5985 /* StoryboardiPhone.storyboard in Resources */,
				4DF7EA991971A73F0032D2E5 /* InfoPlist.strings in Resources */,
				4DF7EAA11971A73F0032D2E5 /* Images.xcassets in Resources */,
			);
			runOnlyForDeploymentPostprocessing = 0;
		};
		4DF7EAA41971A73F0032D2E5 /* Resources */ = {
			isa = PBXResourcesBuildPhase;
			buildActionMask = 2147483647;
			files = (
				4DF7EAB21971A73F0032D2E5 /* InfoPlist.strings in Resources */,
			);
			runOnlyForDeploymentPostprocessing = 0;
		};
/* End PBXResourcesBuildPhase section */

/* Begin PBXShellScriptBuildPhase section */
		4D5EDDF61971B07500027386 /* ShellScript */ = {
			isa = PBXShellScriptBuildPhase;
			buildActionMask = 2147483647;
			files = (
			);
			inputPaths = (
			);
			outputPaths = (
			);
			runOnlyForDeploymentPostprocessing = 0;
			shellPath = /bin/bash;
			shellScript = "buildNumber=$(/usr/libexec/PlistBuddy -c \"Print CFBundleVersion\" \"$INFOPLIST_FILE\")\nbuildNumber=$(($buildNumber + 1))\n/usr/libexec/PlistBuddy -c \"Set :CFBundleVersion $buildNumber\" \"$INFOPLIST_FILE\"";
		};
/* End PBXShellScriptBuildPhase section */

/* Begin PBXSourcesBuildPhase section */
		4DF7EA871971A73F0032D2E5 /* Sources */ = {
			isa = PBXSourcesBuildPhase;
			buildActionMask = 2147483647;
			files = (
				4DF7EA9F1971A73F0032D2E5 /* AppDelegate.m in Sources */,
				4DF2D78C197884AC0002EFDC /* ProfilesTableViewController.m in Sources */,
				4DF2D7911978A8C80002EFDC /* FileLineReader.m in Sources */,
				4DF8E2531976229600306039 /* Profile.m in Sources */,
				4DF8E24F1975F7E600306039 /* SaveViewController.m in Sources */,
				4DE6BBEE1971B7A8004A5985 /* MainViewController.m in Sources */,
				4DF2D7941978AF550002EFDC /* ProfileMetadata.m in Sources */,
				4DF7EA9B1971A73F0032D2E5 /* main.m in Sources */,
			);
			runOnlyForDeploymentPostprocessing = 0;
		};
		4DF7EAA21971A73F0032D2E5 /* Sources */ = {
			isa = PBXSourcesBuildPhase;
			buildActionMask = 2147483647;
			files = (
				4DF7EAB41971A73F0032D2E5 /* Accelerometer_ProfilerTests.m in Sources */,
			);
			runOnlyForDeploymentPostprocessing = 0;
		};
/* End PBXSourcesBuildPhase section */

/* Begin PBXTargetDependency section */
		4DF7EAAC1971A73F0032D2E5 /* PBXTargetDependency */ = {
			isa = PBXTargetDependency;
			target = 4DF7EA8A1971A73F0032D2E5 /* Accelerometer Profiler */;
			targetProxy = 4DF7EAAB1971A73F0032D2E5 /* PBXContainerItemProxy */;
		};
		4DF8E2471972F15300306039 /* PBXTargetDependency */ = {
			isa = PBXTargetDependency;
			name = "CorePlot-CocoaTouch";
			targetProxy = 4DF8E2461972F15300306039 /* PBXContainerItemProxy */;
		};
/* End PBXTargetDependency section */

/* Begin PBXVariantGroup section */
		4DF7EA971971A73F0032D2E5 /* InfoPlist.strings */ = {
			isa = PBXVariantGroup;
			children = (
				4DF7EA981971A73F0032D2E5 /* en */,
			);
			name = InfoPlist.strings;
			sourceTree = "<group>";
		};
		4DF7EAB01971A73F0032D2E5 /* InfoPlist.strings */ = {
			isa = PBXVariantGroup;
			children = (
				4DF7EAB11971A73F0032D2E5 /* en */,
			);
			name = InfoPlist.strings;
			sourceTree = "<group>";
		};
/* End PBXVariantGroup section */

/* Begin XCBuildConfiguration section */
		4DF7EAB51971A73F0032D2E5 /* Debug */ = {
			isa = XCBuildConfiguration;
			buildSettings = {
				ALWAYS_SEARCH_USER_PATHS = NO;
				CLANG_CXX_LANGUAGE_STANDARD = "gnu++0x";
				CLANG_CXX_LIBRARY = "libc++";
				CLANG_ENABLE_MODULES = YES;
				CLANG_ENABLE_OBJC_ARC = YES;
				CLANG_WARN_BOOL_CONVERSION = YES;
				CLANG_WARN_CONSTANT_CONVERSION = YES;
				CLANG_WARN_DIRECT_OBJC_ISA_USAGE = YES_ERROR;
				CLANG_WARN_EMPTY_BODY = YES;
				CLANG_WARN_ENUM_CONVERSION = YES;
				CLANG_WARN_INT_CONVERSION = YES;
				CLANG_WARN_OBJC_ROOT_CLASS = YES_ERROR;
				CLANG_WARN__DUPLICATE_METHOD_MATCH = YES;
				"CODE_SIGN_IDENTITY[sdk=iphoneos*]" = "iPhone Developer";
				COPY_PHASE_STRIP = NO;
				GCC_C_LANGUAGE_STANDARD = gnu99;
				GCC_DYNAMIC_NO_PIC = NO;
				GCC_OPTIMIZATION_LEVEL = 0;
				GCC_PREPROCESSOR_DEFINITIONS = (
					"DEBUG=1",
					"$(inherited)",
				);
				GCC_SYMBOLS_PRIVATE_EXTERN = NO;
				GCC_WARN_64_TO_32_BIT_CONVERSION = YES;
				GCC_WARN_ABOUT_RETURN_TYPE = YES_ERROR;
				GCC_WARN_UNDECLARED_SELECTOR = YES;
				GCC_WARN_UNINITIALIZED_AUTOS = YES_AGGRESSIVE;
				GCC_WARN_UNUSED_FUNCTION = YES;
				GCC_WARN_UNUSED_VARIABLE = YES;
				IPHONEOS_DEPLOYMENT_TARGET = 7.1;
				ONLY_ACTIVE_ARCH = YES;
				SDKROOT = iphoneos;
				TARGETED_DEVICE_FAMILY = "1,2";
			};
			name = Debug;
		};
		4DF7EAB61971A73F0032D2E5 /* Release */ = {
			isa = XCBuildConfiguration;
			buildSettings = {
				ALWAYS_SEARCH_USER_PATHS = NO;
				CLANG_CXX_LANGUAGE_STANDARD = "gnu++0x";
				CLANG_CXX_LIBRARY = "libc++";
				CLANG_ENABLE_MODULES = YES;
				CLANG_ENABLE_OBJC_ARC = YES;
				CLANG_WARN_BOOL_CONVERSION = YES;
				CLANG_WARN_CONSTANT_CONVERSION = YES;
				CLANG_WARN_DIRECT_OBJC_ISA_USAGE = YES_ERROR;
				CLANG_WARN_EMPTY_BODY = YES;
				CLANG_WARN_ENUM_CONVERSION = YES;
				CLANG_WARN_INT_CONVERSION = YES;
				CLANG_WARN_OBJC_ROOT_CLASS = YES_ERROR;
				CLANG_WARN__DUPLICATE_METHOD_MATCH = YES;
				"CODE_SIGN_IDENTITY[sdk=iphoneos*]" = "iPhone Developer";
				COPY_PHASE_STRIP = YES;
				ENABLE_NS_ASSERTIONS = NO;
				GCC_C_LANGUAGE_STANDARD = gnu99;
				GCC_WARN_64_TO_32_BIT_CONVERSION = YES;
				GCC_WARN_ABOUT_RETURN_TYPE = YES_ERROR;
				GCC_WARN_UNDECLARED_SELECTOR = YES;
				GCC_WARN_UNINITIALIZED_AUTOS = YES_AGGRESSIVE;
				GCC_WARN_UNUSED_FUNCTION = YES;
				GCC_WARN_UNUSED_VARIABLE = YES;
				IPHONEOS_DEPLOYMENT_TARGET = 7.1;
				SDKROOT = iphoneos;
				TARGETED_DEVICE_FAMILY = "1,2";
				VALIDATE_PRODUCT = YES;
			};
			name = Release;
		};
		4DF7EAB81971A73F0032D2E5 /* Debug */ = {
			isa = XCBuildConfiguration;
			buildSettings = {
				ASSETCATALOG_COMPILER_APPICON_NAME = AppIcon;
				ASSETCATALOG_COMPILER_LAUNCHIMAGE_NAME = LaunchImage;
				GCC_PRECOMPILE_PREFIX_HEADER = YES;
				GCC_PREFIX_HEADER = "Accelerometer Profiler/Accelerometer Profiler-Prefix.pch";
				INFOPLIST_FILE = "Accelerometer Profiler/Accelerometer Profiler-Info.plist";
				IPHONEOS_DEPLOYMENT_TARGET = 6.0;
				OTHER_LDFLAGS = "-ObjC";
				PRODUCT_NAME = "$(TARGET_NAME)";
				TARGETED_DEVICE_FAMILY = 1;
				USER_HEADER_SEARCH_PATHS = "CorePlot/**";
				WRAPPER_EXTENSION = app;
			};
			name = Debug;
		};
		4DF7EAB91971A73F0032D2E5 /* Release */ = {
			isa = XCBuildConfiguration;
			buildSettings = {
				ASSETCATALOG_COMPILER_APPICON_NAME = AppIcon;
				ASSETCATALOG_COMPILER_LAUNCHIMAGE_NAME = LaunchImage;
				GCC_PRECOMPILE_PREFIX_HEADER = YES;
				GCC_PREFIX_HEADER = "Accelerometer Profiler/Accelerometer Profiler-Prefix.pch";
				INFOPLIST_FILE = "Accelerometer Profiler/Accelerometer Profiler-Info.plist";
				IPHONEOS_DEPLOYMENT_TARGET = 6.0;
				OTHER_LDFLAGS = "-ObjC";
				PRODUCT_NAME = "$(TARGET_NAME)";
				TARGETED_DEVICE_FAMILY = 1;
				USER_HEADER_SEARCH_PATHS = "CorePlot/**";
				WRAPPER_EXTENSION = app;
			};
			name = Release;
		};
		4DF7EABB1971A73F0032D2E5 /* Debug */ = {
			isa = XCBuildConfiguration;
			buildSettings = {
				BUNDLE_LOADER = "$(BUILT_PRODUCTS_DIR)/Accelerometer Profiler.app/Accelerometer Profiler";
				FRAMEWORK_SEARCH_PATHS = (
					"$(SDKROOT)/Developer/Library/Frameworks",
					"$(inherited)",
					"$(DEVELOPER_FRAMEWORKS_DIR)",
				);
				GCC_PRECOMPILE_PREFIX_HEADER = YES;
				GCC_PREFIX_HEADER = "Accelerometer Profiler/Accelerometer Profiler-Prefix.pch";
				GCC_PREPROCESSOR_DEFINITIONS = (
					"DEBUG=1",
					"$(inherited)",
				);
				INFOPLIST_FILE = "Accelerometer ProfilerTests/Accelerometer ProfilerTests-Info.plist";
				PRODUCT_NAME = "$(TARGET_NAME)";
				TEST_HOST = "$(BUNDLE_LOADER)";
				WRAPPER_EXTENSION = xctest;
			};
			name = Debug;
		};
		4DF7EABC1971A73F0032D2E5 /* Release */ = {
			isa = XCBuildConfiguration;
			buildSettings = {
				BUNDLE_LOADER = "$(BUILT_PRODUCTS_DIR)/Accelerometer Profiler.app/Accelerometer Profiler";
				FRAMEWORK_SEARCH_PATHS = (
					"$(SDKROOT)/Developer/Library/Frameworks",
					"$(inherited)",
					"$(DEVELOPER_FRAMEWORKS_DIR)",
				);
				GCC_PRECOMPILE_PREFIX_HEADER = YES;
				GCC_PREFIX_HEADER = "Accelerometer Profiler/Accelerometer Profiler-Prefix.pch";
				INFOPLIST_FILE = "Accelerometer ProfilerTests/Accelerometer ProfilerTests-Info.plist";
				PRODUCT_NAME = "$(TARGET_NAME)";
				TEST_HOST = "$(BUNDLE_LOADER)";
				WRAPPER_EXTENSION = xctest;
			};
			name = Release;
		};
/* End XCBuildConfiguration section */

/* Begin XCConfigurationList section */
		4DF7EA861971A73F0032D2E5 /* Build configuration list for PBXProject "Accelerometer Profiler" */ = {
			isa = XCConfigurationList;
			buildConfigurations = (
				4DF7EAB51971A73F0032D2E5 /* Debug */,
				4DF7EAB61971A73F0032D2E5 /* Release */,
			);
			defaultConfigurationIsVisible = 0;
			defaultConfigurationName = Release;
		};
		4DF7EAB71971A73F0032D2E5 /* Build configuration list for PBXNativeTarget "Accelerometer Profiler" */ = {
			isa = XCConfigurationList;
			buildConfigurations = (
				4DF7EAB81971A73F0032D2E5 /* Debug */,
				4DF7EAB91971A73F0032D2E5 /* Release */,
			);
			defaultConfigurationIsVisible = 0;
			defaultConfigurationName = Release;
		};
		4DF7EABA1971A73F0032D2E5 /* Build configuration list for PBXNativeTarget "Accelerometer ProfilerTests" */ = {
			isa = XCConfigurationList;
			buildConfigurations = (
				4DF7EABB1971A73F0032D2E5 /* Debug */,
				4DF7EABC1971A73F0032D2E5 /* Release */,
			);
			defaultConfigurationIsVisible = 0;
			defaultConfigurationName = Release;
		};
/* End XCConfigurationList section */
	};
	rootObject = 4DF7EA831971A73E0032D2E5 /* Project object */;
}
